{
  "name": "com.phonegap.helloworld",
  "version": "1.0.0",
  "lockfileVersion": 1,
  "requires": true,
  "dependencies": {
    "cordova-plugin-inappbrowser": {
      "version": "3.0.0",
      "resolved": "https://registry.npmjs.org/cordova-plugin-inappbrowser/-/cordova-plugin-inappbrowser-3.0.0.tgz",
      "integrity": "sha1-1K4A02Z2IQdRBXrSWK5K1KkWGto="
    },
    "cordova-plugin-x-socialsharing": {
      "version": "git+https://github.com/EddyVerbruggen/SocialSharing-PhoneGap-Plugin.git#091df268b17b6092cb4224ff9bc65f87b2e3419d",
      "from": "git+https://github.com/EddyVerbruggen/SocialSharing-PhoneGap-Plugin.git"
    },
    "es6-promise-plugin": {
      "version": "4.2.2",
      "resolved": "https://registry.npmjs.org/es6-promise-plugin/-/es6-promise-plugin-4.2.2.tgz",
      "integrity": "sha512-uoA4aVplXI9oqUYJFBAVRwAqIN9/n9JgrTAUGX3qPbnSZVE5yY1+6/MsoN5f4xsaPO62WjPHOdtts6okMN6tNA=="
    }
  }
}
